
Microsoft Visual Studio Solution File, Format Version 12.00
# Visual Studio Version 16
VisualStudioVersion = 16.0.32228.343
MinimumVisualStudioVersion = 10.0.40219.1
Project("{FAE04EC0-301F-11D3-BF4B-00C04F79EFBC}") = "scraper", "scraper\scraper.csproj", "{8735AA6A-186F-46DD-A0DB-12997B6779DF}"
EndProject
Global
	GlobalSection(SolutionConfigurationPlatforms) = preSolution
		Debug|Any CPU = Debug|Any CPU
		Release|Any CPU = Release|Any CPU
	EndGlobalSection
	GlobalSection(ProjectConfigurationPlatforms) = postSolution
		{8735AA6A-186F-46DD-A0DB-12997B6779DF}.Debug|Any CPU.ActiveCfg = Debug|Any CPU
		{8735AA6A-186F-46DD-A0DB-12997B6779DF}.Debug|Any CPU.Build.0 = Debug|Any CPU
		{8735AA6A-186F-46DD-A0DB-12997B6779DF}.Release|Any CPU.ActiveCfg = Release|Any CPU
		{8735AA6A-186F-46DD-A0DB-12997B6779DF}.Release|Any CPU.Build.0 = Release|Any CPU
	EndGlobalSection
	GlobalSection(SolutionProperties) = preSolution
		HideSolutionNode = FALSE
	EndGlobalSection
	GlobalSection(ExtensibilityGlobals) = postSolution
		SolutionGuid = {2C0F28DF-F34A-4AB6-AEF7-BEA5117458B8}
	EndGlobalSection
EndGlobal
